
Microsoft Visual Studio Solution File, Format Version 12.00
# Visual Studio Version 17
VisualStudioVersion = 17.11.35208.52
MinimumVisualStudioVersion = 10.0.40219.1
Project("{FAE04EC0-301F-11D3-BF4B-00C04F79EFBC}") = "StringSorterApp", "StringSorterApp\StringSorterApp.csproj", "{B21B2506-60F1-4CBD-82CC-72AE1D2E0AAA}"
EndProject
Project("{FAE04EC0-301F-11D3-BF4B-00C04F79EFBC}") = "StringSorterApp.Test", "StringSorterApp.Test\StringSorterApp.Test.csproj", "{C1310317-EA64-4AB9-9B22-42F4B06D527C}"
EndProject
Global
	GlobalSection(SolutionConfigurationPlatforms) = preSolution
		Debug|Any CPU = Debug|Any CPU
		Release|Any CPU = Release|Any CPU
	EndGlobalSection
	GlobalSection(ProjectConfigurationPlatforms) = postSolution
		{B21B2506-60F1-4CBD-82CC-72AE1D2E0AAA}.Debug|Any CPU.ActiveCfg = Debug|Any CPU
		{B21B2506-60F1-4CBD-82CC-72AE1D2E0AAA}.Debug|Any CPU.Build.0 = Debug|Any CPU
		{B21B2506-60F1-4CBD-82CC-72AE1D2E0AAA}.Release|Any CPU.ActiveCfg = Release|Any CPU
		{B21B2506-60F1-4CBD-82CC-72AE1D2E0AAA}.Release|Any CPU.Build.0 = Release|Any CPU
		{C1310317-EA64-4AB9-9B22-42F4B06D527C}.Debug|Any CPU.ActiveCfg = Debug|Any CPU
		{C1310317-EA64-4AB9-9B22-42F4B06D527C}.Debug|Any CPU.Build.0 = Debug|Any CPU
		{C1310317-EA64-4AB9-9B22-42F4B06D527C}.Release|Any CPU.ActiveCfg = Release|Any CPU
		{C1310317-EA64-4AB9-9B22-42F4B06D527C}.Release|Any CPU.Build.0 = Release|Any CPU
	EndGlobalSection
	GlobalSection(SolutionProperties) = preSolution
		HideSolutionNode = FALSE
	EndGlobalSection
	GlobalSection(ExtensibilityGlobals) = postSolution
		SolutionGuid = {C68E0D43-67DC-4CD9-8DC3-56F57ECD3819}
	EndGlobalSection
EndGlobal
